<?xml version="1.0" encoding="utf-8"?>
<Project ToolsVersion="4.0" xmlns="http://schemas.microsoft.com/developer/msbuild/2003">
  <ItemGroup>
    <Filter Include="Utility">
      <UniqueIdentifier>{c5d30854-4a92-44da-ac4e-40954d822eda}</UniqueIdentifier>
    </Filter>
  </ItemGroup>
  <ItemGroup>
    <ClCompile Include="..\..\common\Utility\ConfigFile.cpp">
      <Filter>Utility</Filter>
    </ClCompile>
    <ClCompile Include="..\..\common\Utility\DebugAlloc.cpp">
      <Filter>Utility</Filter>
    </ClCompile>
    <ClCompile Include="..\..\common\Utility\FastAlloc.cpp">
      <Filter>Utility</Filter>
    </ClCompile>
    <ClCompile Include="..\..\common\Utility\utf8-windows.cpp">
      <Filter>Utility</Filter>
    </ClCompile>
    <ClCompile Include="..\..\common\Utility\XConfig.cpp">
      <Filter>Utility</Filter>
    </ClCompile>
    <ClCompile Include="..\..\common\Utility\XFile_Windows.cpp">
      <Filter>Utility</Filter>
    </ClCompile>
    <ClCompile Include="..\..\common\Utility\XMath.cpp">
      <Filter>Utility</Filter>
    </ClCompile>
    <ClCompile Include="..\..\common\Utility\XString.cpp">
      <Filter>Utility</Filter>
    </ClCompile>
    <ClCompile Include="..\..\common\Utility\XT.cpp">
      <Filter>Utility</Filter>
    </ClCompile>
    <ClCompile Include="..\..\common\Utility\XT_Windows.cpp">
      <Filter>Utility</Filter>
    </ClCompile>
    <ClCompile Include="..\..\common\Utility\XTLocalization.cpp">
      <Filter>Utility</Filter>
    </ClCompile>
    <ClCompile Include="..\..\common\Utility\Profiler.cpp">
      <Filter>Utility</Filter>
    </ClCompile>
    <ClCompile Include="..\..\common\Logging.cpp">
      <Filter>Utility</Filter>
    </ClCompile>
    <ClCompile Include="..\..\common\Utility.cpp" />
  </ItemGroup>
  <ItemGroup>
    <ClInclude Include="..\..\common\Logging.h">
      <Filter>Utility</Filter>
    </ClInclude>
    <ClInclude Include="..\..\common\Utility.h" />
    <ClInclude Include="..\..\common\Utility\Alloc.h">
      <Filter>Utility</Filter>
    </ClInclude>
  </ItemGroup>
</Project>